
Microsoft Visual Studio Solution File, Format Version 12.00
# Visual Studio 15
VisualStudioVersion = 15.0.27703.2042
MinimumVisualStudioVersion = 10.0.40219.1
Project("{FAE04EC0-301F-11D3-BF4B-00C04F79EFBC}") = "AutomallApiServer", "AutomallApiServer\AutomallApiServer.csproj", "{A0283D39-BECD-4850-8B90-B0892FDD45D9}"
EndProject
Project("{FAE04EC0-301F-11D3-BF4B-00C04F79EFBC}") = "APITest", "APITest\APITest.csproj", "{6AE59B80-A007-4A64-9C1A-76AE1BD9F54B}"
EndProject
Project("{FAE04EC0-301F-11D3-BF4B-00C04F79EFBC}") = "ValmiStore.Model.Cube", "..\WebmallGit\ValmiStore.Model.Cube\ValmiStore.Model.Cube.csproj", "{2B83D3FC-B291-4356-BD05-7F69C5F878AD}"
EndProject
Project("{FAE04EC0-301F-11D3-BF4B-00C04F79EFBC}") = "ValmiStore.Model", "..\WebmallGit\ValmiStore.Model\ValmiStore.Model.csproj", "{B8938641-3D4C-466A-845D-7D96A4073720}"
EndProject
Global
	GlobalSection(SolutionConfigurationPlatforms) = preSolution
		Debug|Any CPU = Debug|Any CPU
		Release|Any CPU = Release|Any CPU
	EndGlobalSection
	GlobalSection(ProjectConfigurationPlatforms) = postSolution
		{A0283D39-BECD-4850-8B90-B0892FDD45D9}.Debug|Any CPU.ActiveCfg = Debug|Any CPU
		{A0283D39-BECD-4850-8B90-B0892FDD45D9}.Debug|Any CPU.Build.0 = Debug|Any CPU
		{A0283D39-BECD-4850-8B90-B0892FDD45D9}.Release|Any CPU.ActiveCfg = Release|Any CPU
		{A0283D39-BECD-4850-8B90-B0892FDD45D9}.Release|Any CPU.Build.0 = Release|Any CPU
		{6AE59B80-A007-4A64-9C1A-76AE1BD9F54B}.Debug|Any CPU.ActiveCfg = Debug|Any CPU
		{6AE59B80-A007-4A64-9C1A-76AE1BD9F54B}.Debug|Any CPU.Build.0 = Debug|Any CPU
		{6AE59B80-A007-4A64-9C1A-76AE1BD9F54B}.Release|Any CPU.ActiveCfg = Release|Any CPU
		{6AE59B80-A007-4A64-9C1A-76AE1BD9F54B}.Release|Any CPU.Build.0 = Release|Any CPU
		{2B83D3FC-B291-4356-BD05-7F69C5F878AD}.Debug|Any CPU.ActiveCfg = Debug|Any CPU
		{2B83D3FC-B291-4356-BD05-7F69C5F878AD}.Debug|Any CPU.Build.0 = Debug|Any CPU
		{2B83D3FC-B291-4356-BD05-7F69C5F878AD}.Release|Any CPU.ActiveCfg = Release|Any CPU
		{2B83D3FC-B291-4356-BD05-7F69C5F878AD}.Release|Any CPU.Build.0 = Release|Any CPU
		{B8938641-3D4C-466A-845D-7D96A4073720}.Debug|Any CPU.ActiveCfg = Debug|Any CPU
		{B8938641-3D4C-466A-845D-7D96A4073720}.Debug|Any CPU.Build.0 = Debug|Any CPU
		{B8938641-3D4C-466A-845D-7D96A4073720}.Release|Any CPU.ActiveCfg = Release|Any CPU
		{B8938641-3D4C-466A-845D-7D96A4073720}.Release|Any CPU.Build.0 = Release|Any CPU
	EndGlobalSection
	GlobalSection(SolutionProperties) = preSolution
		HideSolutionNode = FALSE
	EndGlobalSection
	GlobalSection(ExtensibilityGlobals) = postSolution
		SolutionGuid = {4E7617AE-3988-477D-8450-531BD3D009B0}
	EndGlobalSection
EndGlobal
